// !$*UTF8*$!
{
	archiveVersion = 1;
	classes = {
	};
	objectVersion = 56;
	objects = {

/* Begin PBXBuildFile section */
		8F6814362A44C6650093ED0D /* EndoEaseApp.swift in Sources */ = {isa = PBXBuildFile; fileRef = 8F6814352A44C6650093ED0D /* EndoEaseApp.swift */; };
		8F6814382A44C6650093ED0D /* ContentView.swift in Sources */ = {isa = PBXBuildFile; fileRef = 8F6814372A44C6650093ED0D /* ContentView.swift */; };
		8F68143A2A44C6660093ED0D /* Assets.xcassets in Resources */ = {isa = PBXBuildFile; fileRef = 8F6814392A44C6660093ED0D /* Assets.xcassets */; };
		8F68143D2A44C6660093ED0D /* Preview Assets.xcassets in Resources */ = {isa = PBXBuildFile; fileRef = 8F68143C2A44C6660093ED0D /* Preview Assets.xcassets */; };
		8F6814472A44C6670093ED0D /* EndoEaseTests.swift in Sources */ = {isa = PBXBuildFile; fileRef = 8F6814462A44C6670093ED0D /* EndoEaseTests.swift */; };
		8F6814512A44C6670093ED0D /* EndoEaseUITests.swift in Sources */ = {isa = PBXBuildFile; fileRef = 8F6814502A44C6670093ED0D /* EndoEaseUITests.swift */; };
		8F6814532A44C6670093ED0D /* EndoEaseUITestsLaunchTests.swift in Sources */ = {isa = PBXBuildFile; fileRef = 8F6814522A44C6670093ED0D /* EndoEaseUITestsLaunchTests.swift */; };
/* End PBXBuildFile section */

/* Begin PBXContainerItemProxy section */
		8F6814432A44C6670093ED0D /* PBXContainerItemProxy */ = {
			isa = PBXContainerItemProxy;
			containerPortal = 8F68142A2A44C6650093ED0D /* Project object */;
			proxyType = 1;
			remoteGlobalIDString = 8F6814312A44C6650093ED0D;
			remoteInfo = EndoEase;
		};
		8F68144D2A44C6670093ED0D /* PBXContainerItemProxy */ = {
			isa = PBXContainerItemProxy;
			containerPortal = 8F68142A2A44C6650093ED0D /* Project object */;
			proxyType = 1;
			remoteGlobalIDString = 8F6814312A44C6650093ED0D;
			remoteInfo = EndoEase;
		};
/* End PBXContainerItemProxy section */

/* Begin PBXFileReference section */
		8F6814322A44C6650093ED0D /* EndoEase.app */ = {isa = PBXFileReference; explicitFileType = wrapper.application; includeInIndex = 0; path = EndoEase.app; sourceTree = BUILT_PRODUCTS_DIR; };
		8F6814352A44C6650093ED0D /* EndoEaseApp.swift */ = {isa = PBXFileReference; lastKnownFileType = sourcecode.swift; path = EndoEaseApp.swift; sourceTree = "<group>"; };
		8F6814372A44C6650093ED0D /* ContentView.swift */ = {isa = PBXFileReference; lastKnownFileType = sourcecode.swift; path = ContentView.swift; sourceTree = "<group>"; };
		8F6814392A44C6660093ED0D /* Assets.xcassets */ = {isa = PBXFileReference; lastKnownFileType = folder.assetcatalog; path = Assets.xcassets; sourceTree = "<group>"; };
		8F68143C2A44C6660093ED0D /* Preview Assets.xcassets */ = {isa = PBXFileReference; lastKnownFileType = folder.assetcatalog; path = "Preview Assets.xcassets"; sourceTree = "<group>"; };
		8F6814422A44C6670093ED0D /* EndoEaseTests.xctest */ = {isa = PBXFileReference; explicitFileType = wrapper.cfbundle; includeInIndex = 0; path = EndoEaseTests.xctest; sourceTree = BUILT_PRODUCTS_DIR; };
		8F6814462A44C6670093ED0D /* EndoEaseTests.swift */ = {isa = PBXFileReference; lastKnownFileType = sourcecode.swift; path = EndoEaseTests.swift; sourceTree = "<group>"; };
		8F68144C2A44C6670093ED0D /* EndoEaseUITests.xctest */ = {isa = PBXFileReference; explicitFileType = wrapper.cfbundle; includeInIndex = 0; path = EndoEaseUITests.xctest; sourceTree = BUILT_PRODUCTS_DIR; };
		8F6814502A44C6670093ED0D /* EndoEaseUITests.swift */ = {isa = PBXFileReference; lastKnownFileType = sourcecode.swift; path = EndoEaseUITests.swift; sourceTree = "<group>"; };
		8F6814522A44C6670093ED0D /* EndoEaseUITestsLaunchTests.swift */ = {isa = PBXFileReference; lastKnownFileType = sourcecode.swift; path = EndoEaseUITestsLaunchTests.swift; sourceTree = "<group>"; };
/* End PBXFileReference section */

/* Begin PBXFrameworksBuildPhase section */
		8F68142F2A44C6650093ED0D /* Frameworks */ = {
			isa = PBXFrameworksBuildPhase;
			buildActionMask = 2147483647;
			files = (
			);
			runOnlyForDeploymentPostprocessing = 0;
		};
		8F68143F2A44C6670093ED0D /* Frameworks */ = {
			isa = PBXFrameworksBuildPhase;
			buildActionMask = 2147483647;
			files = (
			);
			runOnlyForDeploymentPostprocessing = 0;
		};
		8F6814492A44C6670093ED0D /* Frameworks */ = {
			isa = PBXFrameworksBuildPhase;
			buildActionMask = 2147483647;
			files = (
			);
			runOnlyForDeploymentPostprocessing = 0;
		};
/* End PBXFrameworksBuildPhase section */

/* Begin PBXGroup section */
		8F6814292A44C6650093ED0D = {
			isa = PBXGroup;
			children = (
				8F6814342A44C6650093ED0D /* EndoEase */,
				8F6814452A44C6670093ED0D /* EndoEaseTests */,
				8F68144F2A44C6670093ED0D /* EndoEaseUITests */,
				8F6814332A44C6650093ED0D /* Products */,
			);
			sourceTree = "<group>";
		};
		8F6814332A44C6650093ED0D /* Products */ = {
			isa = PBXGroup;
			children = (
				8F6814322A44C6650093ED0D /* EndoEase.app */,
				8F6814422A44C6670093ED0D /* EndoEaseTests.xctest */,
				8F68144C2A44C6670093ED0D /* EndoEaseUITests.xctest */,
			);
			name = Products;
			sourceTree = "<group>";
		};
		8F6814342A44C6650093ED0D /* EndoEase */ = {
			isa = PBXGroup;
			children = (
				8F6814352A44C6650093ED0D /* EndoEaseApp.swift */,
				8F6814372A44C6650093ED0D /* ContentView.swift */,
				8F6814392A44C6660093ED0D /* Assets.xcassets */,
				8F68143B2A44C6660093ED0D /* Preview Content */,
			);
			path = EndoEase;
			sourceTree = "<group>";
		};
		8F68143B2A44C6660093ED0D /* Preview Content */ = {
			isa = PBXGroup;
			children = (
				8F68143C2A44C6660093ED0D /* Preview Assets.xcassets */,
			);
			path = "Preview Content";
			sourceTree = "<group>";
		};
		8F6814452A44C6670093ED0D /* EndoEaseTests */ = {
			isa = PBXGroup;
			children = (
				8F6814462A44C6670093ED0D /* EndoEaseTests.swift */,
			);
			path = EndoEaseTests;
			sourceTree = "<group>";
		};
		8F68144F2A44C6670093ED0D /* EndoEaseUITests */ = {
			isa = PBXGroup;
			children = (
				8F6814502A44C6670093ED0D /* EndoEaseUITests.swift */,
				8F6814522A44C6670093ED0D /* EndoEaseUITestsLaunchTests.swift */,
			);
			path = EndoEaseUITests;
			sourceTree = "<group>";
		};
/* End PBXGroup section */

/* Begin PBXNativeTarget section */
		8F6814312A44C6650093ED0D /* EndoEase */ = {
			isa = PBXNativeTarget;
			buildConfigurationList = 8F6814562A44C6670093ED0D /* Build configuration list for PBXNativeTarget "EndoEase" */;
			buildPhases = (
				8F68142E2A44C6650093ED0D /* Sources */,
				8F68142F2A44C6650093ED0D /* Frameworks */,
				8F6814302A44C6650093ED0D /* Resources */,
			);
			buildRules = (
			);
			dependencies = (
			);
			name = EndoEase;
			productName = EndoEase;
			productReference = 8F6814322A44C6650093ED0D /* EndoEase.app */;
			productType = "com.apple.product-type.application";
		};
		8F6814412A44C6670093ED0D /* EndoEaseTests */ = {
			isa = PBXNativeTarget;
			buildConfigurationList = 8F6814592A44C6670093ED0D /* Build configuration list for PBXNativeTarget "EndoEaseTests" */;
			buildPhases = (
				8F68143E2A44C6670093ED0D /* Sources */,
				8F68143F2A44C6670093ED0D /* Frameworks */,
				8F6814402A44C6670093ED0D /* Resources */,
			);
			buildRules = (
			);
			dependencies = (
				8F6814442A44C6670093ED0D /* PBXTargetDependency */,
			);
			name = EndoEaseTests;
			productName = EndoEaseTests;
			productReference = 8F6814422A44C6670093ED0D /* EndoEaseTests.xctest */;
			productType = "com.apple.product-type.bundle.unit-test";
		};
		8F68144B2A44C6670093ED0D /* EndoEaseUITests */ = {
			isa = PBXNativeTarget;
			buildConfigurationList = 8F68145C2A44C6670093ED0D /* Build configuration list for PBXNativeTarget "EndoEaseUITests" */;
			buildPhases = (
				8F6814482A44C6670093ED0D /* Sources */,
				8F6814492A44C6670093ED0D /* Frameworks */,
				8F68144A2A44C6670093ED0D /* Resources */,
			);
			buildRules = (
			);
			dependencies = (
				8F68144E2A44C6670093ED0D /* PBXTargetDependency */,
			);
			name = EndoEaseUITests;
			productName = EndoEaseUITests;
			productReference = 8F68144C2A44C6670093ED0D /* EndoEaseUITests.xctest */;
			productType = "com.apple.product-type.bundle.ui-testing";
		};
/* End PBXNativeTarget section */

/* Begin PBXProject section */
		8F68142A2A44C6650093ED0D /* Project object */ = {
			isa = PBXProject;
			attributes = {
				BuildIndependentTargetsInParallel = 1;
				LastSwiftUpdateCheck = 1430;
				LastUpgradeCheck = 1430;
				TargetAttributes = {
					8F6814312A44C6650093ED0D = {
						CreatedOnToolsVersion = 14.3.1;
					};
					8F6814412A44C6670093ED0D = {
						CreatedOnToolsVersion = 14.3.1;
						TestTargetID = 8F6814312A44C6650093ED0D;
					};
					8F68144B2A44C6670093ED0D = {
						CreatedOnToolsVersion = 14.3.1;
						TestTargetID = 8F6814312A44C6650093ED0D;
					};
				};
			};
			buildConfigurationList = 8F68142D2A44C6650093ED0D /* Build configuration list for PBXProject "EndoEase" */;
			compatibilityVersion = "Xcode 14.0";
			developmentRegion = en;
			hasScannedForEncodings = 0;
			knownRegions = (
				en,
				Base,
			);
			mainGroup = 8F6814292A44C6650093ED0D;
			productRefGroup = 8F6814332A44C6650093ED0D /* Products */;
			projectDirPath = "";
			projectRoot = "";
			targets = (
				8F6814312A44C6650093ED0D /* EndoEase */,
				8F6814412A44C6670093ED0D /* EndoEaseTests */,
				8F68144B2A44C6670093ED0D /* EndoEaseUITests */,
			);
		};
/* End PBXProject section */

/* Begin PBXResourcesBuildPhase section */
		8F6814302A44C6650093ED0D /* Resources */ = {
			isa = PBXResourcesBuildPhase;
			buildActionMask = 2147483647;
			files = (
				8F68143D2A44C6660093ED0D /* Preview Assets.xcassets in Resources */,
				8F68143A2A44C6660093ED0D /* Assets.xcassets in Resources */,
			);
			runOnlyForDeploymentPostprocessing = 0;
		};
		8F6814402A44C6670093ED0D /* Resources */ = {
			isa = PBXResourcesBuildPhase;
			buildActionMask = 2147483647;
			files = (
			);
			runOnlyForDeploymentPostprocessing = 0;
		};
		8F68144A2A44C6670093ED0D /* Resources */ = {
			isa = PBXResourcesBuildPhase;
			buildActionMask = 2147483647;
			files = (
			);
			runOnlyForDeploymentPostprocessing = 0;
		};
/* End PBXResourcesBuildPhase section */

/* Begin PBXSourcesBuildPhase section */
		8F68142E2A44C6650093ED0D /* Sources */ = {
			isa = PBXSourcesBuildPhase;
			buildActionMask = 2147483647;
			files = (
				8F6814382A44C6650093ED0D /* ContentView.swift in Sources */,
				8F6814362A44C6650093ED0D /* EndoEaseApp.swift in Sources */,
			);
			runOnlyForDeploymentPostprocessing = 0;
		};
		8F68143E2A44C6670093ED0D /* Sources */ = {
			isa = PBXSourcesBuildPhase;
			buildActionMask = 2147483647;
			files = (
				8F6814472A44C6670093ED0D /* EndoEaseTests.swift in Sources */,
			);
			runOnlyForDeploymentPostprocessing = 0;
		};
		8F6814482A44C6670093ED0D /* Sources */ = {
			isa = PBXSourcesBuildPhase;
			buildActionMask = 2147483647;
			files = (
				8F6814532A44C6670093ED0D /* EndoEaseUITestsLaunchTests.swift in Sources */,
				8F6814512A44C6670093ED0D /* EndoEaseUITests.swift in Sources */,
			);
			runOnlyForDeploymentPostprocessing = 0;
		};
/* End PBXSourcesBuildPhase section */

/* Begin PBXTargetDependency section */
		8F6814442A44C6670093ED0D /* PBXTargetDependency */ = {
			isa = PBXTargetDependency;
			target = 8F6814312A44C6650093ED0D /* EndoEase */;
			targetProxy = 8F6814432A44C6670093ED0D /* PBXContainerItemProxy */;
		};
		8F68144E2A44C6670093ED0D /* PBXTargetDependency */ = {
			isa = PBXTargetDependency;
			target = 8F6814312A44C6650093ED0D /* EndoEase */;
			targetProxy = 8F68144D2A44C6670093ED0D /* PBXContainerItemProxy */;
		};
/* End PBXTargetDependency section */

/* Begin XCBuildConfiguration section */
		8F6814542A44C6670093ED0D /* Debug */ = {
			isa = XCBuildConfiguration;
			buildSettings = {
				ALWAYS_SEARCH_USER_PATHS = NO;
				CLANG_ANALYZER_NONNULL = YES;
				CLANG_ANALYZER_NUMBER_OBJECT_CONVERSION = YES_AGGRESSIVE;
				CLANG_CXX_LANGUAGE_STANDARD = "gnu++20";
				CLANG_ENABLE_MODULES = YES;
				CLANG_ENABLE_OBJC_ARC = YES;
				CLANG_ENABLE_OBJC_WEAK = YES;
				CLANG_WARN_BLOCK_CAPTURE_AUTORELEASING = YES;
				CLANG_WARN_BOOL_CONVERSION = YES;
				CLANG_WARN_COMMA = YES;
				CLANG_WARN_CONSTANT_CONVERSION = YES;
				CLANG_WARN_DEPRECATED_OBJC_IMPLEMENTATIONS = YES;
				CLANG_WARN_DIRECT_OBJC_ISA_USAGE = YES_ERROR;
				CLANG_WARN_DOCUMENTATION_COMMENTS = YES;
				CLANG_WARN_EMPTY_BODY = YES;
				CLANG_WARN_ENUM_CONVERSION = YES;
				CLANG_WARN_INFINITE_RECURSION = YES;
				CLANG_WARN_INT_CONVERSION = YES;
				CLANG_WARN_NON_LITERAL_NULL_CONVERSION = YES;
				CLANG_WARN_OBJC_IMPLICIT_RETAIN_SELF = YES;
				CLANG_WARN_OBJC_LITERAL_CONVERSION = YES;
				CLANG_WARN_OBJC_ROOT_CLASS = YES_ERROR;
				CLANG_WARN_QUOTED_INCLUDE_IN_FRAMEWORK_HEADER = YES;
				CLANG_WARN_RANGE_LOOP_ANALYSIS = YES;
				CLANG_WARN_STRICT_PROTOTYPES = YES;
				CLANG_WARN_SUSPICIOUS_MOVE = YES;
				CLANG_WARN_UNGUARDED_AVAILABILITY = YES_AGGRESSIVE;
				CLANG_WARN_UNREACHABLE_CODE = YES;
				CLANG_WARN__DUPLICATE_METHOD_MATCH = YES;
				COPY_PHASE_STRIP = NO;
				DEBUG_INFORMATION_FORMAT = dwarf;
				ENABLE_STRICT_OBJC_MSGSEND = YES;
				ENABLE_TESTABILITY = YES;
				GCC_C_LANGUAGE_STANDARD = gnu11;
				GCC_DYNAMIC_NO_PIC = NO;
				GCC_NO_COMMON_BLOCKS = YES;
				GCC_OPTIMIZATION_LEVEL = 0;
				GCC_PREPROCESSOR_DEFINITIONS = (
					"DEBUG=1",
					"$(inherited)",
				);
				GCC_WARN_64_TO_32_BIT_CONVERSION = YES;
				GCC_WARN_ABOUT_RETURN_TYPE = YES_ERROR;
				GCC_WARN_UNDECLARED_SELECTOR = YES;
				GCC_WARN_UNINITIALIZED_AUTOS = YES_AGGRESSIVE;
				GCC_WARN_UNUSED_FUNCTION = YES;
				GCC_WARN_UNUSED_VARIABLE = YES;
				IPHONEOS_DEPLOYMENT_TARGET = 16.4;
				MTL_ENABLE_DEBUG_INFO = INCLUDE_SOURCE;
				MTL_FAST_MATH = YES;
				ONLY_ACTIVE_ARCH = YES;
				SDKROOT = iphoneos;
				SWIFT_ACTIVE_COMPILATION_CONDITIONS = DEBUG;
				SWIFT_OPTIMIZATION_LEVEL = "-Onone";
			};
			name = Debug;
		};
		8F6814552A44C6670093ED0D /* Release */ = {
			isa = XCBuildConfiguration;
			buildSettings = {
				ALWAYS_SEARCH_USER_PATHS = NO;
				CLANG_ANALYZER_NONNULL = YES;
				CLANG_ANALYZER_NUMBER_OBJECT_CONVERSION = YES_AGGRESSIVE;
				CLANG_CXX_LANGUAGE_STANDARD = "gnu++20";
				CLANG_ENABLE_MODULES = YES;
				CLANG_ENABLE_OBJC_ARC = YES;
				CLANG_ENABLE_OBJC_WEAK = YES;
				CLANG_WARN_BLOCK_CAPTURE_AUTORELEASING = YES;
				CLANG_WARN_BOOL_CONVERSION = YES;
				CLANG_WARN_COMMA = YES;
				CLANG_WARN_CONSTANT_CONVERSION = YES;
				CLANG_WARN_DEPRECATED_OBJC_IMPLEMENTATIONS = YES;
				CLANG_WARN_DIRECT_OBJC_ISA_USAGE = YES_ERROR;
				CLANG_WARN_DOCUMENTATION_COMMENTS = YES;
				CLANG_WARN_EMPTY_BODY = YES;
				CLANG_WARN_ENUM_CONVERSION = YES;
				CLANG_WARN_INFINITE_RECURSION = YES;
				CLANG_WARN_INT_CONVERSION = YES;
				CLANG_WARN_NON_LITERAL_NULL_CONVERSION = YES;
				CLANG_WARN_OBJC_IMPLICIT_RETAIN_SELF = YES;
				CLANG_WARN_OBJC_LITERAL_CONVERSION = YES;
				CLANG_WARN_OBJC_ROOT_CLASS = YES_ERROR;
				CLANG_WARN_QUOTED_INCLUDE_IN_FRAMEWORK_HEADER = YES;
				CLANG_WARN_RANGE_LOOP_ANALYSIS = YES;
				CLANG_WARN_STRICT_PROTOTYPES = YES;
				CLANG_WARN_SUSPICIOUS_MOVE = YES;
				CLANG_WARN_UNGUARDED_AVAILABILITY = YES_AGGRESSIVE;
				CLANG_WARN_UNREACHABLE_CODE = YES;
				CLANG_WARN__DUPLICATE_METHOD_MATCH = YES;
				COPY_PHASE_STRIP = NO;
				DEBUG_INFORMATION_FORMAT = "dwarf-with-dsym";
				ENABLE_NS_ASSERTIONS = NO;
				ENABLE_STRICT_OBJC_MSGSEND = YES;
				GCC_C_LANGUAGE_STANDARD = gnu11;
				GCC_NO_COMMON_BLOCKS = YES;
				GCC_WARN_64_TO_32_BIT_CONVERSION = YES;
				GCC_WARN_ABOUT_RETURN_TYPE = YES_ERROR;
				GCC_WARN_UNDECLARED_SELECTOR = YES;
				GCC_WARN_UNINITIALIZED_AUTOS = YES_AGGRESSIVE;
				GCC_WARN_UNUSED_FUNCTION = YES;
				GCC_WARN_UNUSED_VARIABLE = YES;
				IPHONEOS_DEPLOYMENT_TARGET = 16.4;
				MTL_ENABLE_DEBUG_INFO = NO;
				MTL_FAST_MATH = YES;
				SDKROOT = iphoneos;
				SWIFT_COMPILATION_MODE = wholemodule;
				SWIFT_OPTIMIZATION_LEVEL = "-O";
				VALIDATE_PRODUCT = YES;
			};
			name = Release;
		};
		8F6814572A44C6670093ED0D /* Debug */ = {
			isa = XCBuildConfiguration;
			buildSettings = {
				ASSETCATALOG_COMPILER_APPICON_NAME = AppIcon;
				ASSETCATALOG_COMPILER_GLOBAL_ACCENT_COLOR_NAME = AccentColor;
				CODE_SIGN_STYLE = Automatic;
				CURRENT_PROJECT_VERSION = 1;
				DEVELOPMENT_ASSET_PATHS = "\"EndoEase/Preview Content\"";
				ENABLE_PREVIEWS = YES;
				GENERATE_INFOPLIST_FILE = YES;
				INFOPLIST_KEY_UIApplicationSceneManifest_Generation = YES;
				INFOPLIST_KEY_UIApplicationSupportsIndirectInputEvents = YES;
				INFOPLIST_KEY_UILaunchScreen_Generation = YES;
				INFOPLIST_KEY_UISupportedInterfaceOrientations_iPad = "UIInterfaceOrientationPortrait UIInterfaceOrientationPortraitUpsideDown UIInterfaceOrientationLandscapeLeft UIInterfaceOrientationLandscapeRight";
				INFOPLIST_KEY_UISupportedInterfaceOrientations_iPhone = "UIInterfaceOrientationPortrait UIInterfaceOrientationLandscapeLeft UIInterfaceOrientationLandscapeRight";
				LD_RUNPATH_SEARCH_PATHS = (
					"$(inherited)",
					"@executable_path/Frameworks",
				);
				MARKETING_VERSION = 1.0;
				PRODUCT_BUNDLE_IDENTIFIER = kwk.EndoEase;
				PRODUCT_NAME = "$(TARGET_NAME)";
				SWIFT_EMIT_LOC_STRINGS = YES;
				SWIFT_VERSION = 5.0;
				TARGETED_DEVICE_FAMILY = "1,2";
			};
			name = Debug;
		};
		8F6814582A44C6670093ED0D /* Release */ = {
			isa = XCBuildConfiguration;
			buildSettings = {
				ASSETCATALOG_COMPILER_APPICON_NAME = AppIcon;
				ASSETCATALOG_COMPILER_GLOBAL_ACCENT_COLOR_NAME = AccentColor;
				CODE_SIGN_STYLE = Automatic;
				CURRENT_PROJECT_VERSION = 1;
				DEVELOPMENT_ASSET_PATHS = "\"EndoEase/Preview Content\"";
				ENABLE_PREVIEWS = YES;
				GENERATE_INFOPLIST_FILE = YES;
				INFOPLIST_KEY_UIApplicationSceneManifest_Generation = YES;
				INFOPLIST_KEY_UIApplicationSupportsIndirectInputEvents = YES;
				INFOPLIST_KEY_UILaunchScreen_Generation = YES;
				INFOPLIST_KEY_UISupportedInterfaceOrientations_iPad = "UIInterfaceOrientationPortrait UIInterfaceOrientationPortraitUpsideDown UIInterfaceOrientationLandscapeLeft UIInterfaceOrientationLandscapeRight";
				INFOPLIST_KEY_UISupportedInterfaceOrientations_iPhone = "UIInterfaceOrientationPortrait UIInterfaceOrientationLandscapeLeft UIInterfaceOrientationLandscapeRight";
				LD_RUNPATH_SEARCH_PATHS = (
					"$(inherited)",
					"@executable_path/Frameworks",
				);
				MARKETING_VERSION = 1.0;
				PRODUCT_BUNDLE_IDENTIFIER = kwk.EndoEase;
				PRODUCT_NAME = "$(TARGET_NAME)";
				SWIFT_EMIT_LOC_STRINGS = YES;
				SWIFT_VERSION = 5.0;
				TARGETED_DEVICE_FAMILY = "1,2";
			};
			name = Release;
		};
		8F68145A2A44C6670093ED0D /* Debug */ = {
			isa = XCBuildConfiguration;
			buildSettings = {
				ALWAYS_EMBED_SWIFT_STANDARD_LIBRARIES = YES;
				BUNDLE_LOADER = "$(TEST_HOST)";
				CODE_SIGN_STYLE = Automatic;
				CURRENT_PROJECT_VERSION = 1;
				GENERATE_INFOPLIST_FILE = YES;
				IPHONEOS_DEPLOYMENT_TARGET = 16.4;
				MARKETING_VERSION = 1.0;
				PRODUCT_BUNDLE_IDENTIFIER = kwk.EndoEaseTests;
				PRODUCT_NAME = "$(TARGET_NAME)";
				SWIFT_EMIT_LOC_STRINGS = NO;
				SWIFT_VERSION = 5.0;
				TARGETED_DEVICE_FAMILY = "1,2";
				TEST_HOST = "$(BUILT_PRODUCTS_DIR)/EndoEase.app/$(BUNDLE_EXECUTABLE_FOLDER_PATH)/EndoEase";
			};
			name = Debug;
		};
		8F68145B2A44C6670093ED0D /* Release */ = {
			isa = XCBuildConfiguration;
			buildSettings = {
				ALWAYS_EMBED_SWIFT_STANDARD_LIBRARIES = YES;
				BUNDLE_LOADER = "$(TEST_HOST)";
				CODE_SIGN_STYLE = Automatic;
				CURRENT_PROJECT_VERSION = 1;
				GENERATE_INFOPLIST_FILE = YES;
				IPHONEOS_DEPLOYMENT_TARGET = 16.4;
				MARKETING_VERSION = 1.0;
				PRODUCT_BUNDLE_IDENTIFIER = kwk.EndoEaseTests;
				PRODUCT_NAME = "$(TARGET_NAME)";
				SWIFT_EMIT_LOC_STRINGS = NO;
				SWIFT_VERSION = 5.0;
				TARGETED_DEVICE_FAMILY = "1,2";
				TEST_HOST = "$(BUILT_PRODUCTS_DIR)/EndoEase.app/$(BUNDLE_EXECUTABLE_FOLDER_PATH)/EndoEase";
			};
			name = Release;
		};
		8F68145D2A44C6670093ED0D /* Debug */ = {
			isa = XCBuildConfiguration;
			buildSettings = {
				ALWAYS_EMBED_SWIFT_STANDARD_LIBRARIES = YES;
				CODE_SIGN_STYLE = Automatic;
				CURRENT_PROJECT_VERSION = 1;
				GENERATE_INFOPLIST_FILE = YES;
				MARKETING_VERSION = 1.0;
				PRODUCT_BUNDLE_IDENTIFIER = kwk.EndoEaseUITests;
				PRODUCT_NAME = "$(TARGET_NAME)";
				SWIFT_EMIT_LOC_STRINGS = NO;
				SWIFT_VERSION = 5.0;
				TARGETED_DEVICE_FAMILY = "1,2";
				TEST_TARGET_NAME = EndoEase;
			};
			name = Debug;
		};
		8F68145E2A44C6670093ED0D /* Release */ = {
			isa = XCBuildConfiguration;
			buildSettings = {
				ALWAYS_EMBED_SWIFT_STANDARD_LIBRARIES = YES;
				CODE_SIGN_STYLE = Automatic;
				CURRENT_PROJECT_VERSION = 1;
				GENERATE_INFOPLIST_FILE = YES;
				MARKETING_VERSION = 1.0;
				PRODUCT_BUNDLE_IDENTIFIER = kwk.EndoEaseUITests;
				PRODUCT_NAME = "$(TARGET_NAME)";
				SWIFT_EMIT_LOC_STRINGS = NO;
				SWIFT_VERSION = 5.0;
				TARGETED_DEVICE_FAMILY = "1,2";
				TEST_TARGET_NAME = EndoEase;
			};
			name = Release;
		};
/* End XCBuildConfiguration section */

/* Begin XCConfigurationList section */
		8F68142D2A44C6650093ED0D /* Build configuration list for PBXProject "EndoEase" */ = {
			isa = XCConfigurationList;
			buildConfigurations = (
				8F6814542A44C6670093ED0D /* Debug */,
				8F6814552A44C6670093ED0D /* Release */,
			);
			defaultConfigurationIsVisible = 0;
			defaultConfigurationName = Release;
		};
		8F6814562A44C6670093ED0D /* Build configuration list for PBXNativeTarget "EndoEase" */ = {
			isa = XCConfigurationList;
			buildConfigurations = (
				8F6814572A44C6670093ED0D /* Debug */,
				8F6814582A44C6670093ED0D /* Release */,
			);
			defaultConfigurationIsVisible = 0;
			defaultConfigurationName = Release;
		};
		8F6814592A44C6670093ED0D /* Build configuration list for PBXNativeTarget "EndoEaseTests" */ = {
			isa = XCConfigurationList;
			buildConfigurations = (
				8F68145A2A44C6670093ED0D /* Debug */,
				8F68145B2A44C6670093ED0D /* Release */,
			);
			defaultConfigurationIsVisible = 0;
			defaultConfigurationName = Release;
		};
		8F68145C2A44C6670093ED0D /* Build configuration list for PBXNativeTarget "EndoEaseUITests" */ = {
			isa = XCConfigurationList;
			buildConfigurations = (
				8F68145D2A44C6670093ED0D /* Debug */,
				8F68145E2A44C6670093ED0D /* Release */,
			);
			defaultConfigurationIsVisible = 0;
			defaultConfigurationName = Release;
		};
/* End XCConfigurationList section */
	};
	rootObject = 8F68142A2A44C6650093ED0D /* Project object */;
}
